{
  "lockfile_version": "1",
  "packages": {
    "buf@latest": {
      "last_modified": "2026-02-23T15:40:43Z",
      "resolved": "github:NixOS/nixpkgs/80d901ec0377e19ac3f7bb8c035201e2e098cc97#buf",
      "source": "devbox-search",
      "version": "1.64.0",
      "systems": {
        "aarch64-darwin": {
          "outputs": [
            {
              "name": "out",
              "path": "/nix/store/bgq6plqczbhnw07d0x6vsmj7l24rni0d-buf-1.64.0",
              "default": true
            }
          ],
          "store_path": "/nix/store/bgq6plqczbhnw07d0x6vsmj7l24rni0d-buf-1.64.0"
        },
        "aarch64-linux": {
          "outputs": [
            {
              "name": "out",
              "path": "/nix/store/4ghm2b7xzm7fhrnfrqn760kd7g9pwv7q-buf-1.64.0",
              "default": true
            }
          ],
          "store_path": "/nix/store/4ghm2b7xzm7fhrnfrqn760kd7g9pwv7q-buf-1.64.0"
        },
        "x86_64-darwin": {
          "outputs": [
            {
              "name": "out",
              "path": "/nix/store/yqf9xljnmv858dpzsrlx85vmgnr6lyml-buf-1.64.0",
              "default": true
            }
          ],
          "store_path": "/nix/store/yqf9xljnmv858dpzsrlx85vmgnr6lyml-buf-1.64.0"
        },
        "x86_64-linux": {
          "outputs": [
            {
              "name": "out",
              "path": "/nix/store/6yg20bbxmb4ywymd3s32zgjc1aq2dfsm-buf-1.64.0",
              "default": true
            }
          ],
          "store_path": "/nix/store/6yg20bbxmb4ywymd3s32zgjc1aq2dfsm-buf-1.64.0"
        }
      }
    },
    "github:NixOS/nixpkgs/nixpkgs-unstable": {
      "last_modified": "2026-03-08T08:02:12Z",
      "resolved": "github:NixOS/nixpkgs/608d0cadfed240589a7eea422407a547ad626a14?lastModified=1772956932&narHash=sha256-M0yS4AafhKxPPmOHGqIV0iKxgNO8bHDWdl1kOwGBwRY%3D"
    },
    "glibcLocales@latest": {
      "last_modified": "2026-02-23T15:40:43Z",
      "resolved": "github:NixOS/nixpkgs/80d901ec0377e19ac3f7bb8c035201e2e098cc97#glibcLocales",
      "source": "devbox-search",
      "version": "2.42-51",
      "systems": {
        "aarch64-linux": {
          "outputs": [
            {
              "name": "out",
              "path": "/nix/store/2m0bi1my8d60caywvn71iw3gqn3qy9vc-glibc-locales-2.42-51",
              "default": true
            }
          ],
          "store_path": "/nix/store/2m0bi1my8d60caywvn71iw3gqn3qy9vc-glibc-locales-2.42-51"
        },
        "x86_64-linux": {
          "outputs": [
            {
              "name": "out",
              "path": "/nix/store/0qlmqvyckf8zyx03n00azgznnkzgi5xw-glibc-locales-2.42-51",
              "default": true
            }
          ],
          "store_path": "/nix/store/0qlmqvyckf8zyx03n00azgznnkzgi5xw-glibc-locales-2.42-51"
        }
      }
    },
    "go-task@latest": {
      "last_modified": "2026-02-23T15:40:43Z",
      "resolved": "github:NixOS/nixpkgs/80d901ec0377e19ac3f7bb8c035201e2e098cc97#go-task",
      "source": "devbox-search",
      "version": "3.48.0",
      "systems": {
        "aarch64-darwin": {
          "outputs": [
            {
              "name": "out",
              "path": "/nix/store/lwkw29yi53lijzfjqcp01jkaqa5493wi-go-task-3.48.0",
              "default": true
            }
          ],
          "store_path": "/nix/store/lwkw29yi53lijzfjqcp01jkaqa5493wi-go-task-3.48.0"
        },
        "aarch64-linux": {
          "outputs": [
            {
              "name": "out",
              "path": "/nix/store/f6g3n71njj281hawy8chz56c6dy6icb9-go-task-3.48.0",
              "default": true
            }
          ],
          "store_path": "/nix/store/f6g3n71njj281hawy8chz56c6dy6icb9-go-task-3.48.0"
        },
        "x86_64-darwin": {
          "outputs": [
            {
              "name": "out",
              "path": "/nix/store/8ncbi1skdp8x0h5abwxrawffknrascmq-go-task-3.48.0",
              "default": true
            }
          ],
          "store_path": "/nix/store/8ncbi1skdp8x0h5abwxrawffknrascmq-go-task-3.48.0"
        },
        "x86_64-linux": {
          "outputs": [
            {
              "name": "out",
              "path": "/nix/store/5divyc7qn687x3cyq5gnyh46vgx7g9by-go-task-3.48.0",
              "default": true
            }
          ],
          "store_path": "/nix/store/5divyc7qn687x3cyq5gnyh46vgx7g9by-go-task-3.48.0"
        }
      }
    },
    "go@latest": {
      "last_modified": "2026-02-23T15:40:43Z",
      "resolved": "github:NixOS/nixpkgs/80d901ec0377e19ac3f7bb8c035201e2e098cc97#go_1_26",
      "source": "devbox-search",
      "version": "1.26.0",
      "systems": {
        "aarch64-darwin": {
          "outputs": [
            {
              "name": "out",
              "path": "/nix/store/5ajixjk279m40yf6x96xxlnvw1wg6hq3-go-1.26.0",
              "default": true
            }
          ],
          "store_path": "/nix/store/5ajixjk279m40yf6x96xxlnvw1wg6hq3-go-1.26.0"
        },
        "aarch64-linux": {
          "outputs": [
            {
              "name": "out",
              "path": "/nix/store/b0ncnyjis5pfzm86pb0y3klgdw2gwyww-go-1.26.0",
              "default": true
            }
          ],
          "store_path": "/nix/store/b0ncnyjis5pfzm86pb0y3klgdw2gwyww-go-1.26.0"
        },
        "x86_64-darwin": {
          "outputs": [
            {
              "name": "out",
              "path": "/nix/store/kpr6dqdjixi0b1wh7phisqmzkxjw7ln7-go-1.26.0",
              "default": true
            }
          ],
          "store_path": "/nix/store/kpr6dqdjixi0b1wh7phisqmzkxjw7ln7-go-1.26.0"
        },
        "x86_64-linux": {
          "outputs": [
            {
              "name": "out",
              "path": "/nix/store/s9dwyyi8mk76wslsm6jl50ky9hd11pv3-go-1.26.0",
              "default": true
            }
          ],
          "store_path": "/nix/store/s9dwyyi8mk76wslsm6jl50ky9hd11pv3-go-1.26.0"
        }
      }
    },
    "golangci-lint@latest": {
      "last_modified": "2026-02-23T15:40:43Z",
      "resolved": "github:NixOS/nixpkgs/80d901ec0377e19ac3f7bb8c035201e2e098cc97#golangci-lint",
      "source": "devbox-search",
      "version": "2.10.1",
      "systems": {
        "aarch64-darwin": {
          "outputs": [
            {
              "name": "out",
              "path": "/nix/store/1rrjjclzxlr6f1ivb6l74vq1n1g1lki8-golangci-lint-2.10.1",
              "default": true
            }
          ],
          "store_path": "/nix/store/1rrjjclzxlr6f1ivb6l74vq1n1g1lki8-golangci-lint-2.10.1"
        },
        "aarch64-linux": {
          "outputs": [
            {
              "name": "out",
              "path": "/nix/store/ri4b9yqars42sc3hwwa5w81w91h13lm8-golangci-lint-2.10.1",
              "default": true
            }
          ],
          "store_path": "/nix/store/ri4b9yqars42sc3hwwa5w81w91h13lm8-golangci-lint-2.10.1"
        },
        "x86_64-darwin": {
          "outputs": [
            {
              "name": "out",
              "path": "/nix/store/qvvg1rv8b4m4qyvqh40zc4nfa72vyzlw-golangci-lint-2.10.1",
              "default": true
            }
          ],
          "store_path": "/nix/store/qvvg1rv8b4m4qyvqh40zc4nfa72vyzlw-golangci-lint-2.10.1"
        },
        "x86_64-linux": {
          "outputs": [
            {
              "name": "out",
              "path": "/nix/store/ziv6x93wkd587qji6z0648050g0r9qjn-golangci-lint-2.10.1",
              "default": true
            }
          ],
          "store_path": "/nix/store/ziv6x93wkd587qji6z0648050g0r9qjn-golangci-lint-2.10.1"
        }
      }
    },
    "grpcurl@latest": {
      "last_modified": "2026-02-23T15:40:43Z",
      "resolved": "github:NixOS/nixpkgs/80d901ec0377e19ac3f7bb8c035201e2e098cc97#grpcurl",
      "source": "devbox-search",
      "version": "1.9.3",
      "systems": {
        "aarch64-darwin": {
          "outputs": [
            {
              "name": "out",
              "path": "/nix/store/wzfq78jpkz9r578fp64kxxv5cmqfdl3d-grpcurl-1.9.3",
              "default": true
            }
          ],
          "store_path": "/nix/store/wzfq78jpkz9r578fp64kxxv5cmqfdl3d-grpcurl-1.9.3"
        },
        "aarch64-linux": {
          "outputs": [
            {
              "name": "out",
              "path": "/nix/store/ddmwihccaw3jxnq6fjlhxqp7ij4sxh1s-grpcurl-1.9.3",
              "default": true
            }
          ],
          "store_path": "/nix/store/ddmwihccaw3jxnq6fjlhxqp7ij4sxh1s-grpcurl-1.9.3"
        },
        "x86_64-darwin": {
          "outputs": [
            {
              "name": "out",
              "path": "/nix/store/6cvp6smbsh84rasaaz9ccfb5wbz08si6-grpcurl-1.9.3",
              "default": true
            }
          ],
          "store_path": "/nix/store/6cvp6smbsh84rasaaz9ccfb5wbz08si6-grpcurl-1.9.3"
        },
        "x86_64-linux": {
          "outputs": [
            {
              "name": "out",
              "path": "/nix/store/rjnzivrsmmgprpc09pvvqjy284png42z-grpcurl-1.9.3",
              "default": true
            }
          ],
          "store_path": "/nix/store/rjnzivrsmmgprpc09pvvqjy284png42z-grpcurl-1.9.3"
        }
      }
    },
    "k0sctl@latest": {
      "last_modified": "2026-02-23T15:40:43Z",
      "resolved": "github:NixOS/nixpkgs/80d901ec0377e19ac3f7bb8c035201e2e098cc97#k0sctl",
      "source": "devbox-search",
      "version": "0.28.0",
      "systems": {
        "aarch64-darwin": {
          "outputs": [
            {
              "name": "out",
              "path": "/nix/store/kj14grkh7yazmnfv75cw4v97zmr91r50-k0sctl-0.28.0",
              "default": true
            }
          ],
          "store_path": "/nix/store/kj14grkh7yazmnfv75cw4v97zmr91r50-k0sctl-0.28.0"
        },
        "aarch64-linux": {
          "outputs": [
            {
              "name": "out",
              "path": "/nix/store/h64ddi7gf72gn58h7i9qsf2f5dinzx6j-k0sctl-0.28.0",
              "default": true
            }
          ],
          "store_path": "/nix/store/h64ddi7gf72gn58h7i9qsf2f5dinzx6j-k0sctl-0.28.0"
        },
        "x86_64-darwin": {
          "outputs": [
            {
              "name": "out",
              "path": "/nix/store/cw4z783fzswgy3nkzazbr46rbj796nhn-k0sctl-0.28.0",
              "default": true
            }
          ],
          "store_path": "/nix/store/cw4z783fzswgy3nkzazbr46rbj796nhn-k0sctl-0.28.0"
        },
        "x86_64-linux": {
          "outputs": [
            {
              "name": "out",
              "path": "/nix/store/25l5mcpx4x4alfkkry7ckc1l6r084d1k-k0sctl-0.28.0",
              "default": true
            }
          ],
          "store_path": "/nix/store/25l5mcpx4x4alfkkry7ckc1l6r084d1k-k0sctl-0.28.0"
        }
      }
    },
    "kubectl@latest": {
      "last_modified": "2026-02-23T15:40:43Z",
      "resolved": "github:NixOS/nixpkgs/80d901ec0377e19ac3f7bb8c035201e2e098cc97#kubectl",
      "source": "devbox-search",
      "version": "1.35.0",
      "systems": {
        "aarch64-darwin": {
          "outputs": [
            {
              "name": "out",
              "path": "/nix/store/vc9x3pbgiayy7404pizw2597ckxbx5iv-kubectl-1.35.0",
              "default": true
            },
            {
              "name": "man",
              "path": "/nix/store/kkw3fydnm0j5623by42z87z88x65j3da-kubectl-1.35.0-man",
              "default": true
            },
            {
              "name": "convert",
              "path": "/nix/store/z7sjfxgi8hfxp2lhnmsc8cxrivq47388-kubectl-1.35.0-convert"
            }
          ],
          "store_path": "/nix/store/vc9x3pbgiayy7404pizw2597ckxbx5iv-kubectl-1.35.0"
        },
        "aarch64-linux": {
          "outputs": [
            {
              "name": "out",
              "path": "/nix/store/dwv1pr9ammi7nvg2wrh8i1b1pc4s1kdc-kubectl-1.35.0",
              "default": true
            },
            {
              "name": "man",
              "path": "/nix/store/5xpp0xycjgp6a4j4m0p3imfx60nm8qk1-kubectl-1.35.0-man",
              "default": true
            },
            {
              "name": "convert",
              "path": "/nix/store/z9sdg7h4g18pjxsammdn8v99mxfiwanq-kubectl-1.35.0-convert"
            }
          ],
          "store_path": "/nix/store/dwv1pr9ammi7nvg2wrh8i1b1pc4s1kdc-kubectl-1.35.0"
        },
        "x86_64-darwin": {
          "outputs": [
            {
              "name": "out",
              "path": "/nix/store/aspny4z58b3ggw0v4dayngrxjgqhfkwh-kubectl-1.35.0",
              "default": true
            },
            {
              "name": "man",
              "path": "/nix/store/39lj9l9nr6q1il6x3gwvrxbncawkjicf-kubectl-1.35.0-man",
              "default": true
            },
            {
              "name": "convert",
              "path": "/nix/store/8nfmr74j1ls3parfa3l6zglfgmzm7a99-kubectl-1.35.0-convert"
            }
          ],
          "store_path": "/nix/store/aspny4z58b3ggw0v4dayngrxjgqhfkwh-kubectl-1.35.0"
        },
        "x86_64-linux": {
          "outputs": [
            {
              "name": "out",
              "path": "/nix/store/36ji0srf1rf0fhk27410g3i0njwqrfb3-kubectl-1.35.0",
              "default": true
            },
            {
              "name": "man",
              "path": "/nix/store/11329ky5q3yd8h6b2f6dilhxd93lp6a9-kubectl-1.35.0-man",
              "default": true
            },
            {
              "name": "convert",
              "path": "/nix/store/lzbrmcxx8zwjyi3k18f5jdv8axrgcyz8-kubectl-1.35.0-convert"
            }
          ],
          "store_path": "/nix/store/36ji0srf1rf0fhk27410g3i0njwqrfb3-kubectl-1.35.0"
        }
      }
    },
    "kubernetes-helm@latest": {
      "last_modified": "2026-02-23T15:40:43Z",
      "resolved": "github:NixOS/nixpkgs/80d901ec0377e19ac3f7bb8c035201e2e098cc97#kubernetes-helm",
      "source": "devbox-search",
      "version": "3.19.1",
      "systems": {
        "aarch64-darwin": {
          "outputs": [
            {
              "name": "out",
              "path": "/nix/store/qgnf88s44vlb5flhrdiica0x7iq48yf3-kubernetes-helm-3.19.1",
              "default": true
            }
          ],
          "store_path": "/nix/store/qgnf88s44vlb5flhrdiica0x7iq48yf3-kubernetes-helm-3.19.1"
        },
        "aarch64-linux": {
          "outputs": [
            {
              "name": "out",
              "path": "/nix/store/rmzqdyhxj0sa2fm5h2r2fsrxl19jlvis-kubernetes-helm-3.19.1",
              "default": true
            }
          ],
          "store_path": "/nix/store/rmzqdyhxj0sa2fm5h2r2fsrxl19jlvis-kubernetes-helm-3.19.1"
        },
        "x86_64-darwin": {
          "outputs": [
            {
              "name": "out",
              "path": "/nix/store/gwrsg2lq73bppnj7j9afzfz6biva1jfa-kubernetes-helm-3.19.1",
              "default": true
            }
          ],
          "store_path": "/nix/store/gwrsg2lq73bppnj7j9afzfz6biva1jfa-kubernetes-helm-3.19.1"
        },
        "x86_64-linux": {
          "outputs": [
            {
              "name": "out",
              "path": "/nix/store/3bjwp28yvv86pih7k9p7n7w5jhcn8qd9-kubernetes-helm-3.19.1",
              "default": true
            }
          ],
          "store_path": "/nix/store/3bjwp28yvv86pih7k9p7n7w5jhcn8qd9-kubernetes-helm-3.19.1"
        }
      }
    },
    "lefthook@latest": {
      "last_modified": "2026-02-23T15:40:43Z",
      "resolved": "github:NixOS/nixpkgs/80d901ec0377e19ac3f7bb8c035201e2e098cc97#lefthook",
      "source": "devbox-search",
      "version": "2.1.1",
      "systems": {
        "aarch64-darwin": {
          "outputs": [
            {
              "name": "out",
              "path": "/nix/store/bjfib611qahaz1ar2jcpv5n1yhd32n6d-lefthook-2.1.1",
              "default": true
            }
          ],
          "store_path": "/nix/store/bjfib611qahaz1ar2jcpv5n1yhd32n6d-lefthook-2.1.1"
        },
        "aarch64-linux": {
          "outputs": [
            {
              "name": "out",
              "path": "/nix/store/27jsapibvv93db507v3d1c99ran0ygnf-lefthook-2.1.1",
              "default": true
            }
          ],
          "store_path": "/nix/store/27jsapibvv93db507v3d1c99ran0ygnf-lefthook-2.1.1"
        },
        "x86_64-darwin": {
          "outputs": [
            {
              "name": "out",
              "path": "/nix/store/may82n10vx15lpj72fhlcnvzchw7kkjm-lefthook-2.1.1",
              "default": true
            }
          ],
          "store_path": "/nix/store/may82n10vx15lpj72fhlcnvzchw7kkjm-lefthook-2.1.1"
        },
        "x86_64-linux": {
          "outputs": [
            {
              "name": "out",
              "path": "/nix/store/g3zyhsqvkfdhz0dfg1bfk5baf49rvdxi-lefthook-2.1.1",
              "default": true
            }
          ],
          "store_path": "/nix/store/g3zyhsqvkfdhz0dfg1bfk5baf49rvdxi-lefthook-2.1.1"
        }
      }
    },
    "nodejs@22": {
      "last_modified": "2026-02-23T15:40:43Z",
      "plugin_version": "0.0.2",
      "resolved": "github:NixOS/nixpkgs/80d901ec0377e19ac3f7bb8c035201e2e098cc97#nodejs_22",
      "source": "devbox-search",
      "version": "22.22.0",
      "systems": {
        "aarch64-darwin": {
          "outputs": [
            {
              "name": "out",
              "path": "/nix/store/3kkw1cwcwl0vvn4y2jkpfr3iarxaq284-nodejs-22.22.0",
              "default": true
            }
          ],
          "store_path": "/nix/store/3kkw1cwcwl0vvn4y2jkpfr3iarxaq284-nodejs-22.22.0"
        },
        "aarch64-linux": {
          "outputs": [
            {
              "name": "out",
              "path": "/nix/store/7996sfm56iryn7p639frvhajrbrb4ych-nodejs-22.22.0",
              "default": true
            }
          ],
          "store_path": "/nix/store/7996sfm56iryn7p639frvhajrbrb4ych-nodejs-22.22.0"
        },
        "x86_64-darwin": {
          "outputs": [
            {
              "name": "out",
              "path": "/nix/store/ixd7h25iyw6wc4hz37bqfg19782bm7z2-nodejs-22.22.0",
              "default": true
            }
          ],
          "store_path": "/nix/store/ixd7h25iyw6wc4hz37bqfg19782bm7z2-nodejs-22.22.0"
        },
        "x86_64-linux": {
          "outputs": [
            {
              "name": "out",
              "path": "/nix/store/b87dfjnjvg932xsw4mszjg4qmvrqzlqk-nodejs-22.22.0",
              "default": true
            }
          ],
          "store_path": "/nix/store/b87dfjnjvg932xsw4mszjg4qmvrqzlqk-nodejs-22.22.0"
        }
      }
    },
    "postgresql@16": {
      "last_modified": "2024-12-22T08:27:48Z",
      "plugin_version": "0.0.2",
      "resolved": "github:NixOS/nixpkgs/93ff48c9be84a76319dac293733df09bbbe3f25c#postgresql",
      "source": "devbox-search",
      "version": "16.5",
      "systems": {
        "aarch64-darwin": {
          "outputs": [
            {
              "name": "out",
              "path": "/nix/store/6l498xrh9z690js5zmd3p2ps0r00ri9p-postgresql-16.5",
              "default": true
            },
            {
              "name": "man",
              "path": "/nix/store/5yiw867cz810zi0z2yg5y794w2sy8kzq-postgresql-16.5-man",
              "default": true
            },
            {
              "name": "lib",
              "path": "/nix/store/c3a1ij8vyxv5fyg7qp6la2mn54jn84sn-postgresql-16.5-lib"
            },
            {
              "name": "dev",
              "path": "/nix/store/9mc2nq9m18x0l7c1gyasp064cf2894vx-postgresql-16.5-dev"
            },
            {
              "name": "doc",
              "path": "/nix/store/lxqw2xsh0vm11rcz5wayhskb8w9wjlih-postgresql-16.5-doc"
            }
          ],
          "store_path": "/nix/store/6l498xrh9z690js5zmd3p2ps0r00ri9p-postgresql-16.5"
        },
        "aarch64-linux": {
          "outputs": [
            {
              "name": "out",
              "path": "/nix/store/vjcavy1l0s1l0frjag900239cpmvj17f-postgresql-16.5",
              "default": true
            },
            {
              "name": "man",
              "path": "/nix/store/4l4a2044a6mb79sm46679ifappmj8vgc-postgresql-16.5-man",
              "default": true
            },
            {
              "name": "doc",
              "path": "/nix/store/1sa3z90r6hrcfsd4hy4rxbwzbw6aa4p6-postgresql-16.5-doc"
            },
            {
              "name": "lib",
              "path": "/nix/store/gr06jpjpxzqkpyyhg1f7v9mmy1f9qzgp-postgresql-16.5-lib"
            },
            {
              "name": "debug",
              "path": "/nix/store/zlw8cxkzf9a43mmplsp88dbjy8adbjkx-postgresql-16.5-debug"
            },
            {
              "name": "dev",
              "path": "/nix/store/8mbabq6zp86a1gm2nf109pa1dvgp8s02-postgresql-16.5-dev"
            }
          ],
          "store_path": "/nix/store/vjcavy1l0s1l0frjag900239cpmvj17f-postgresql-16.5"
        },
        "x86_64-darwin": {
          "outputs": [
            {
              "name": "out",
              "path": "/nix/store/808d9axcd5q934lsi3l5v3x8phks9wc4-postgresql-16.5",
              "default": true
            },
            {
              "name": "man",
              "path": "/nix/store/8njx7dcc3gj9j46cn5lfc8knd52hvl7k-postgresql-16.5-man",
              "default": true
            },
            {
              "name": "dev",
              "path": "/nix/store/pn22i14qpv3yxmaacd5yfcqxpqm3grlq-postgresql-16.5-dev"
            },
            {
              "name": "doc",
              "path": "/nix/store/kd05cfbhaiiihdx6kkrjdyrywgjzfnqj-postgresql-16.5-doc"
            },
            {
              "name": "lib",
              "path": "/nix/store/1gnp8q95nfjna56sllv66jbf6hshi6bd-postgresql-16.5-lib"
            }
          ],
          "store_path": "/nix/store/808d9axcd5q934lsi3l5v3x8phks9wc4-postgresql-16.5"
        },
        "x86_64-linux": {
          "outputs": [
            {
              "name": "out",
              "path": "/nix/store/0z5iwcvalafm3j2c5pfhllsfbxrbyzf4-postgresql-16.5",
              "default": true
            },
            {
              "name": "man",
              "path": "/nix/store/0q9yki1d9czy7i7mly8gy3ffjvc3hkqv-postgresql-16.5-man",
              "default": true
            },
            {
              "name": "debug",
              "path": "/nix/store/zvysixjns32iz6qlkr8s5b70cw50l0qy-postgresql-16.5-debug"
            },
            {
              "name": "dev",
              "path": "/nix/store/207n898zbi7mb5scjaf532v78c3rll9f-postgresql-16.5-dev"
            },
            {
              "name": "doc",
              "path": "/nix/store/7ip3havx020h3527y7cqdl8l39p3g67b-postgresql-16.5-doc"
            },
            {
              "name": "lib",
              "path": "/nix/store/qi2zbhdnzdci7i0a6g64mbkk8wnzznlh-postgresql-16.5-lib"
            }
          ],
          "store_path": "/nix/store/0z5iwcvalafm3j2c5pfhllsfbxrbyzf4-postgresql-16.5"
        }
      }
    },
    "setup-envtest@latest": {
      "last_modified": "2026-02-23T15:40:43Z",
      "resolved": "github:NixOS/nixpkgs/80d901ec0377e19ac3f7bb8c035201e2e098cc97#setup-envtest",
      "source": "devbox-search",
      "version": "0.22.3",
      "systems": {
        "aarch64-darwin": {
          "outputs": [
            {
              "name": "out",
              "path": "/nix/store/6bg10zgxc7n47kqbg4qp9ckqvgcgr83x-setup-envtest-0.22.3",
              "default": true
            }
          ],
          "store_path": "/nix/store/6bg10zgxc7n47kqbg4qp9ckqvgcgr83x-setup-envtest-0.22.3"
        },
        "aarch64-linux": {
          "outputs": [
            {
              "name": "out",
              "path": "/nix/store/163zsvvx1c2xldjxsva0crdn9birsjdr-setup-envtest-0.22.3",
              "default": true
            }
          ],
          "store_path": "/nix/store/163zsvvx1c2xldjxsva0crdn9birsjdr-setup-envtest-0.22.3"
        },
        "x86_64-darwin": {
          "outputs": [
            {
              "name": "out",
              "path": "/nix/store/aphzqwymsw85ci0mcnzhwfr6mr8hn5qp-setup-envtest-0.22.3",
              "default": true
            }
          ],
          "store_path": "/nix/store/aphzqwymsw85ci0mcnzhwfr6mr8hn5qp-setup-envtest-0.22.3"
        },
        "x86_64-linux": {
          "outputs": [
            {
              "name": "out",
              "path": "/nix/store/c2fmad54dkidzgw7nm01665zfrydk3m7-setup-envtest-0.22.3",
              "default": true
            }
          ],
          "store_path": "/nix/store/c2fmad54dkidzgw7nm01665zfrydk3m7-setup-envtest-0.22.3"
        }
      }
    },
    "temporal-cli@latest": {
      "last_modified": "2026-02-23T15:40:43Z",
      "resolved": "github:NixOS/nixpkgs/80d901ec0377e19ac3f7bb8c035201e2e098cc97#temporal-cli",
      "source": "devbox-search",
      "version": "1.5.1",
      "systems": {
        "aarch64-darwin": {
          "outputs": [
            {
              "name": "out",
              "path": "/nix/store/5wlf53sl8x3h6nyw0jhz43n8l4f60qsj-temporal-cli-1.5.1",
              "default": true
            }
          ],
          "store_path": "/nix/store/5wlf53sl8x3h6nyw0jhz43n8l4f60qsj-temporal-cli-1.5.1"
        },
        "aarch64-linux": {
          "outputs": [
            {
              "name": "out",
              "path": "/nix/store/981scjzg9r487qjmy52n16b60q36yf6m-temporal-cli-1.5.1",
              "default": true
            }
          ],
          "store_path": "/nix/store/981scjzg9r487qjmy52n16b60q36yf6m-temporal-cli-1.5.1"
        },
        "x86_64-darwin": {
          "outputs": [
            {
              "name": "out",
              "path": "/nix/store/v81arf04z0daajyjndvgix07q2w2278v-temporal-cli-1.5.1",
              "default": true
            }
          ],
          "store_path": "/nix/store/v81arf04z0daajyjndvgix07q2w2278v-temporal-cli-1.5.1"
        },
        "x86_64-linux": {
          "outputs": [
            {
              "name": "out",
              "path": "/nix/store/cbh2rg6v7fr14yr4f3dz8mm4qag1wlww-temporal-cli-1.5.1",
              "default": true
            }
          ],
          "store_path": "/nix/store/cbh2rg6v7fr14yr4f3dz8mm4qag1wlww-temporal-cli-1.5.1"
        }
      }
    },
    "wails@latest": {
      "last_modified": "2026-03-21T07:29:51Z",
      "resolved": "github:NixOS/nixpkgs/09061f748ee21f68a089cd5d91ec1859cd93d0be#wails",
      "source": "devbox-search",
      "version": "2.11.0",
      "systems": {
        "aarch64-darwin": {
          "outputs": [
            {
              "name": "out",
              "path": "/nix/store/gq0slkj6fls6yq0x7ymyc4vcwvs0sn5k-wails-2.11.0",
              "default": true
            }
          ],
          "store_path": "/nix/store/gq0slkj6fls6yq0x7ymyc4vcwvs0sn5k-wails-2.11.0"
        },
        "aarch64-linux": {
          "outputs": [
            {
              "name": "out",
              "path": "/nix/store/0dmmx34spgn0viil5dq4xs1snvygkr88-wails-2.11.0",
              "default": true
            }
          ],
          "store_path": "/nix/store/0dmmx34spgn0viil5dq4xs1snvygkr88-wails-2.11.0"
        },
        "x86_64-darwin": {
          "outputs": [
            {
              "name": "out",
              "path": "/nix/store/3fwi3x2add9gvisk4pb6gldws1yvdyvy-wails-2.11.0",
              "default": true
            }
          ],
          "store_path": "/nix/store/3fwi3x2add9gvisk4pb6gldws1yvdyvy-wails-2.11.0"
        },
        "x86_64-linux": {
          "outputs": [
            {
              "name": "out",
              "path": "/nix/store/xb3050aj0dsnmh57y3rpj790p10x8b5z-wails-2.11.0",
              "default": true
            }
          ],
          "store_path": "/nix/store/xb3050aj0dsnmh57y3rpj790p10x8b5z-wails-2.11.0"
        }
      }
    }
  }
}
